
Microsoft Visual Studio Solution File, Format Version 12.00
# Visual Studio Version 17
VisualStudioVersion = 17.3.32811.315
MinimumVisualStudioVersion = 10.0.40219.1
Project("{9A19103F-16F7-4668-BE54-9A1E7A4F7556}") = "Biz.Shell", "Biz.Shell\Biz.Shell.csproj", "{EBFA8512-1EA5-4D8C-B4AC-AB5B48A6D568}"
EndProject
Project("{2150E333-8FDC-42A3-9474-1A3956D46DE8}") = "Solution Items", "Solution Items", "{3DA99C4E-89E3-4049-9C22-0A7EC60D83D8}"
	ProjectSection(SolutionItems) = preProject
		Directory.Packages.props = Directory.Packages.props
	EndProjectSection
EndProject
Project("{FAE04EC0-301F-11D3-BF4B-00C04F79EFBC}") = "Biz.Theme", "Biz.Theme\Biz.Theme.csproj", "{531F3BB8-B0FC-65A3-5E78-A1C64D475AF3}"
EndProject
Project("{FAE04EC0-301F-11D3-BF4B-00C04F79EFBC}") = "Biz.Shell.Android", "Biz.Shell.Android\Biz.Shell.Android.csproj", "{5D2D09FB-B7DA-6672-3C79-BE5EFA3CD61B}"
EndProject
Project("{2150E333-8FDC-42A3-9474-1A3956D46DE8}") = "Platforms", "Platforms", "{02EA681E-C7D8-13C7-8484-4AC65E1B71E8}"
EndProject
Project("{FAE04EC0-301F-11D3-BF4B-00C04F79EFBC}") = "Biz.Shell.Browser", "Biz.Shell.Browser\Biz.Shell.Browser.csproj", "{599BD413-3256-308E-3D9B-7AC7FF67145A}"
EndProject
Project("{FAE04EC0-301F-11D3-BF4B-00C04F79EFBC}") = "Biz.Shell.Desktop", "Biz.Shell.Desktop\Biz.Shell.Desktop.csproj", "{F25DB705-E53F-6A44-847A-6C749315EB58}"
EndProject
Project("{FAE04EC0-301F-11D3-BF4B-00C04F79EFBC}") = "Biz.Shell.iOS", "Biz.Shell.iOS\Biz.Shell.iOS.csproj", "{7ED4B38B-C865-8683-6177-F796275605C4}"
EndProject
Project("{FAE04EC0-301F-11D3-BF4B-00C04F79EFBC}") = "Biz.Shell.Core", "Biz.Shell.Core\Biz.Shell.Core.csproj", "{A76062E5-0EFC-4A6B-A267-2C1152A13A8F}"
EndProject
Global
	GlobalSection(SolutionConfigurationPlatforms) = preSolution
		Debug|Any CPU = Debug|Any CPU
		Release|Any CPU = Release|Any CPU
	EndGlobalSection
	GlobalSection(ProjectConfigurationPlatforms) = postSolution
		{EBFA8512-1EA5-4D8C-B4AC-AB5B48A6D568}.Debug|Any CPU.ActiveCfg = Debug|Any CPU
		{EBFA8512-1EA5-4D8C-B4AC-AB5B48A6D568}.Debug|Any CPU.Build.0 = Debug|Any CPU
		{EBFA8512-1EA5-4D8C-B4AC-AB5B48A6D568}.Release|Any CPU.ActiveCfg = Release|Any CPU
		{EBFA8512-1EA5-4D8C-B4AC-AB5B48A6D568}.Release|Any CPU.Build.0 = Release|Any CPU
		{531F3BB8-B0FC-65A3-5E78-A1C64D475AF3}.Debug|Any CPU.ActiveCfg = Debug|Any CPU
		{531F3BB8-B0FC-65A3-5E78-A1C64D475AF3}.Debug|Any CPU.Build.0 = Debug|Any CPU
		{531F3BB8-B0FC-65A3-5E78-A1C64D475AF3}.Release|Any CPU.ActiveCfg = Release|Any CPU
		{531F3BB8-B0FC-65A3-5E78-A1C64D475AF3}.Release|Any CPU.Build.0 = Release|Any CPU
		{5D2D09FB-B7DA-6672-3C79-BE5EFA3CD61B}.Debug|Any CPU.ActiveCfg = Debug|Any CPU
		{5D2D09FB-B7DA-6672-3C79-BE5EFA3CD61B}.Debug|Any CPU.Build.0 = Debug|Any CPU
		{5D2D09FB-B7DA-6672-3C79-BE5EFA3CD61B}.Debug|Any CPU.Deploy.0 = Debug|Any CPU
		{5D2D09FB-B7DA-6672-3C79-BE5EFA3CD61B}.Release|Any CPU.ActiveCfg = Release|Any CPU
		{5D2D09FB-B7DA-6672-3C79-BE5EFA3CD61B}.Release|Any CPU.Build.0 = Release|Any CPU
		{5D2D09FB-B7DA-6672-3C79-BE5EFA3CD61B}.Release|Any CPU.Deploy.0 = Release|Any CPU
		{599BD413-3256-308E-3D9B-7AC7FF67145A}.Debug|Any CPU.ActiveCfg = Debug|Any CPU
		{599BD413-3256-308E-3D9B-7AC7FF67145A}.Debug|Any CPU.Build.0 = Debug|Any CPU
		{599BD413-3256-308E-3D9B-7AC7FF67145A}.Release|Any CPU.ActiveCfg = Release|Any CPU
		{599BD413-3256-308E-3D9B-7AC7FF67145A}.Release|Any CPU.Build.0 = Release|Any CPU
		{F25DB705-E53F-6A44-847A-6C749315EB58}.Debug|Any CPU.ActiveCfg = Debug|Any CPU
		{F25DB705-E53F-6A44-847A-6C749315EB58}.Debug|Any CPU.Build.0 = Debug|Any CPU
		{F25DB705-E53F-6A44-847A-6C749315EB58}.Release|Any CPU.ActiveCfg = Release|Any CPU
		{F25DB705-E53F-6A44-847A-6C749315EB58}.Release|Any CPU.Build.0 = Release|Any CPU
		{7ED4B38B-C865-8683-6177-F796275605C4}.Debug|Any CPU.ActiveCfg = Debug|Any CPU
		{7ED4B38B-C865-8683-6177-F796275605C4}.Debug|Any CPU.Build.0 = Debug|Any CPU
		{7ED4B38B-C865-8683-6177-F796275605C4}.Debug|Any CPU.Deploy.0 = Debug|Any CPU
		{7ED4B38B-C865-8683-6177-F796275605C4}.Release|Any CPU.ActiveCfg = Release|Any CPU
		{7ED4B38B-C865-8683-6177-F796275605C4}.Release|Any CPU.Build.0 = Release|Any CPU
		{7ED4B38B-C865-8683-6177-F796275605C4}.Release|Any CPU.Deploy.0 = Release|Any CPU
		{A76062E5-0EFC-4A6B-A267-2C1152A13A8F}.Debug|Any CPU.ActiveCfg = Debug|Any CPU
		{A76062E5-0EFC-4A6B-A267-2C1152A13A8F}.Debug|Any CPU.Build.0 = Debug|Any CPU
		{A76062E5-0EFC-4A6B-A267-2C1152A13A8F}.Release|Any CPU.ActiveCfg = Release|Any CPU
		{A76062E5-0EFC-4A6B-A267-2C1152A13A8F}.Release|Any CPU.Build.0 = Release|Any CPU
	EndGlobalSection
	GlobalSection(SolutionProperties) = preSolution
		HideSolutionNode = FALSE
	EndGlobalSection
	GlobalSection(NestedProjects) = preSolution
		{5D2D09FB-B7DA-6672-3C79-BE5EFA3CD61B} = {02EA681E-C7D8-13C7-8484-4AC65E1B71E8}
		{599BD413-3256-308E-3D9B-7AC7FF67145A} = {02EA681E-C7D8-13C7-8484-4AC65E1B71E8}
		{F25DB705-E53F-6A44-847A-6C749315EB58} = {02EA681E-C7D8-13C7-8484-4AC65E1B71E8}
		{7ED4B38B-C865-8683-6177-F796275605C4} = {02EA681E-C7D8-13C7-8484-4AC65E1B71E8}
	EndGlobalSection
	GlobalSection(ExtensibilityGlobals) = postSolution
		SolutionGuid = {83CB65B8-011F-4ED7-BCD3-A6CFA935EF7E}
	EndGlobalSection
EndGlobal
