
Microsoft Visual Studio Solution File, Format Version 12.00
# Visual Studio Version 17
VisualStudioVersion = 17.3.32811.315
MinimumVisualStudioVersion = 10.0.40219.1
Project("{2150E333-8FDC-42A3-9474-1A3956D46DE8}") = "Solution Items", "Solution Items", "{3DA99C4E-89E3-4049-9C22-0A7EC60D83D8}"
	ProjectSection(SolutionItems) = preProject
		Directory.Packages.props = Directory.Packages.props
	EndProjectSection
EndProject
Project("{FAE04EC0-301F-11D3-BF4B-00C04F79EFBC}") = "Biz.Shell.Android", "Biz.Shell.Android\Biz.Shell.Android.csproj", "{5D2D09FB-B7DA-6672-3C79-BE5EFA3CD61B}"
EndProject
Project("{2150E333-8FDC-42A3-9474-1A3956D46DE8}") = "Platforms", "Platforms", "{02EA681E-C7D8-13C7-8484-4AC65E1B71E8}"
EndProject
Project("{FAE04EC0-301F-11D3-BF4B-00C04F79EFBC}") = "Biz.Shell.Browser", "Biz.Shell.Browser\Biz.Shell.Browser.csproj", "{599BD413-3256-308E-3D9B-7AC7FF67145A}"
EndProject
Project("{FAE04EC0-301F-11D3-BF4B-00C04F79EFBC}") = "Biz.Shell.iOS", "Biz.Shell.iOS\Biz.Shell.iOS.csproj", "{7ED4B38B-C865-8683-6177-F796275605C4}"
EndProject
Project("{FAE04EC0-301F-11D3-BF4B-00C04F79EFBC}") = "Biz.Shell", "Biz.Shell\Biz.Shell.csproj", "{A76062E5-0EFC-4A6B-A267-2C1152A13A8F}"
EndProject
Project("{2150E333-8FDC-42A3-9474-1A3956D46DE8}") = "Modules", "Modules", "{1AAD0ADA-3008-46D1-B020-BC47F32B48CD}"
EndProject
Project("{FAE04EC0-301F-11D3-BF4B-00C04F79EFBC}") = "Biz.Modules.Dashboard", "Biz.Modules.Dashboard\Biz.Modules.Dashboard.csproj", "{FFEEED5D-ED2C-42A2-BCE0-175D9EC0E7B0}"
EndProject
Project("{2150E333-8FDC-42A3-9474-1A3956D46DE8}") = "Dashboard", "Dashboard", "{2E1903F0-4AAF-4825-B0A8-884CF10C6AB0}"
EndProject
Project("{FAE04EC0-301F-11D3-BF4B-00C04F79EFBC}") = "Biz.Modules.Dashboard.Core", "Biz.Modules.Dashboard.Core\Biz.Modules.Dashboard.Core.csproj", "{DFF4287B-CE47-42D4-9C16-83E2041EFFD8}"
EndProject
Project("{FAE04EC0-301F-11D3-BF4B-00C04F79EFBC}") = "Biz.Mobile", "Biz.Mobile\Biz.Mobile.csproj", "{F24D4E3B-C6AC-41B2-BE9F-8E000F50B486}"
EndProject
Project("{FAE04EC0-301F-11D3-BF4B-00C04F79EFBC}") = "ShadUI", "ShadUI\ShadUI.csproj", "{6E0C5C88-0D9A-4F1A-A829-C6DBE46491DE}"
EndProject
Project("{FAE04EC0-301F-11D3-BF4B-00C04F79EFBC}") = "Prism.Core", "Prism\src\Prism.Core\Prism.Core.csproj", "{02EC2CB5-55EA-4001-951D-5E6427D3C616}"
EndProject
Project("{2150E333-8FDC-42A3-9474-1A3956D46DE8}") = "Prism", "Prism", "{8970DE2D-FCB9-44AA-A861-D3E4AF8C5604}"
EndProject
Project("{FAE04EC0-301F-11D3-BF4B-00C04F79EFBC}") = "Prism.Avalonia", "Prism\src\Avalonia\Prism.Avalonia\Prism.Avalonia.csproj", "{4B4EB494-E2F4-433F-B40B-7DD372324D15}"
EndProject
Project("{FAE04EC0-301F-11D3-BF4B-00C04F79EFBC}") = "Prism.DryIoc.Avalonia", "Prism\src\Avalonia\Prism.DryIoc.Avalonia\Prism.DryIoc.Avalonia.csproj", "{B4021292-74C2-4C83-ABD9-8CCA42B532C4}"
EndProject
Project("{FAE04EC0-301F-11D3-BF4B-00C04F79EFBC}") = "Data", "Data\Data.csproj", "{0A2F5C40-0F30-4752-B284-81BB66EFDAAC}"
EndProject
Project("{FAE04EC0-301F-11D3-BF4B-00C04F79EFBC}") = "Services", "Services\Services.csproj", "{C5E9F2AD-ACE7-4DA7-BD50-481E6A3AA747}"
EndProject
Project("{FAE04EC0-301F-11D3-BF4B-00C04F79EFBC}") = "ServiceClients", "ServiceClients\ServiceClients.csproj", "{FC3E88CC-DFF3-43EC-A436-42D1D321F946}"
EndProject
Project("{FAE04EC0-301F-11D3-BF4B-00C04F79EFBC}") = "Biz.Models", "Biz.Models\Biz.Models.csproj", "{63AAF508-2A63-4C79-9F19-44DD32EFCF6F}"
EndProject
Project("{FAE04EC0-301F-11D3-BF4B-00C04F79EFBC}") = "Biz.Core", "Biz.Core\Biz.Core.csproj", "{44E9BA87-4C90-43F6-BE71-D329AD57B2EA}"
EndProject
Project("{FAE04EC0-301F-11D3-BF4B-00C04F79EFBC}") = "Biz.Desktop", "Biz.Desktop\Biz.Desktop.csproj", "{707407B3-B55D-4066-BD4C-24B2A84123D1}"
EndProject
Project("{2150E333-8FDC-42A3-9474-1A3956D46DE8}") = "Form Factors", "Form Factors", "{08EE8681-475D-49D1-8BE2-BE4D0F52ACBA}"
EndProject
Project("{FAE04EC0-301F-11D3-BF4B-00C04F79EFBC}") = "Biz.Shell.Desktop", "Biz.Shell.Desktop\Biz.Shell.Desktop.csproj", "{63D9F517-E3CE-463B-848A-59F2EDA29154}"
EndProject
Project("{2150E333-8FDC-42A3-9474-1A3956D46DE8}") = "AccountManagement", "AccountManagement", "{B6D3B0A0-3B83-4E7E-B27D-4F1FD687EDF6}"
EndProject
Project("{FAE04EC0-301F-11D3-BF4B-00C04F79EFBC}") = "Biz.Modules.AccountManagement", "Biz.Modules.AccountManagement\Biz.Modules.AccountManagement.csproj", "{5C08EE2B-68BE-44BA-91F7-5CF8CBC46E90}"
EndProject
Project("{FAE04EC0-301F-11D3-BF4B-00C04F79EFBC}") = "Biz.Modules.AccountManagement.Core", "Biz.Modules.AccountManagement.Core\Biz.Modules.AccountManagement.Core.csproj", "{CCEBA087-B6F3-42F0-9782-51D5416662F4}"
EndProject
Project("{FAE04EC0-301F-11D3-BF4B-00C04F79EFBC}") = "Modularity", "Modularity\Modularity.csproj", "{D66EA7CB-D523-4E74-8390-910ADBB570C7}"
EndProject
Project("{2150E333-8FDC-42A3-9474-1A3956D46DE8}") = "Modularity", "Modularity", "{FD2B81AC-80A0-4CCF-AAAB-BD8360087B03}"
EndProject
Global
	GlobalSection(SolutionConfigurationPlatforms) = preSolution
		Debug|Any CPU = Debug|Any CPU
		Release|Any CPU = Release|Any CPU
	EndGlobalSection
	GlobalSection(ProjectConfigurationPlatforms) = postSolution
		{5D2D09FB-B7DA-6672-3C79-BE5EFA3CD61B}.Debug|Any CPU.ActiveCfg = Debug|Any CPU
		{5D2D09FB-B7DA-6672-3C79-BE5EFA3CD61B}.Debug|Any CPU.Build.0 = Debug|Any CPU
		{5D2D09FB-B7DA-6672-3C79-BE5EFA3CD61B}.Debug|Any CPU.Deploy.0 = Debug|Any CPU
		{5D2D09FB-B7DA-6672-3C79-BE5EFA3CD61B}.Release|Any CPU.ActiveCfg = Release|Any CPU
		{5D2D09FB-B7DA-6672-3C79-BE5EFA3CD61B}.Release|Any CPU.Build.0 = Release|Any CPU
		{5D2D09FB-B7DA-6672-3C79-BE5EFA3CD61B}.Release|Any CPU.Deploy.0 = Release|Any CPU
		{599BD413-3256-308E-3D9B-7AC7FF67145A}.Debug|Any CPU.ActiveCfg = Debug|Any CPU
		{599BD413-3256-308E-3D9B-7AC7FF67145A}.Debug|Any CPU.Build.0 = Debug|Any CPU
		{599BD413-3256-308E-3D9B-7AC7FF67145A}.Release|Any CPU.ActiveCfg = Release|Any CPU
		{599BD413-3256-308E-3D9B-7AC7FF67145A}.Release|Any CPU.Build.0 = Release|Any CPU
		{7ED4B38B-C865-8683-6177-F796275605C4}.Debug|Any CPU.ActiveCfg = Debug|Any CPU
		{7ED4B38B-C865-8683-6177-F796275605C4}.Debug|Any CPU.Build.0 = Debug|Any CPU
		{7ED4B38B-C865-8683-6177-F796275605C4}.Debug|Any CPU.Deploy.0 = Debug|Any CPU
		{7ED4B38B-C865-8683-6177-F796275605C4}.Release|Any CPU.ActiveCfg = Release|Any CPU
		{7ED4B38B-C865-8683-6177-F796275605C4}.Release|Any CPU.Build.0 = Release|Any CPU
		{7ED4B38B-C865-8683-6177-F796275605C4}.Release|Any CPU.Deploy.0 = Release|Any CPU
		{A76062E5-0EFC-4A6B-A267-2C1152A13A8F}.Debug|Any CPU.ActiveCfg = Debug|Any CPU
		{A76062E5-0EFC-4A6B-A267-2C1152A13A8F}.Debug|Any CPU.Build.0 = Debug|Any CPU
		{A76062E5-0EFC-4A6B-A267-2C1152A13A8F}.Release|Any CPU.ActiveCfg = Release|Any CPU
		{A76062E5-0EFC-4A6B-A267-2C1152A13A8F}.Release|Any CPU.Build.0 = Release|Any CPU
		{FFEEED5D-ED2C-42A2-BCE0-175D9EC0E7B0}.Debug|Any CPU.ActiveCfg = Debug|Any CPU
		{FFEEED5D-ED2C-42A2-BCE0-175D9EC0E7B0}.Debug|Any CPU.Build.0 = Debug|Any CPU
		{FFEEED5D-ED2C-42A2-BCE0-175D9EC0E7B0}.Release|Any CPU.ActiveCfg = Release|Any CPU
		{FFEEED5D-ED2C-42A2-BCE0-175D9EC0E7B0}.Release|Any CPU.Build.0 = Release|Any CPU
		{DFF4287B-CE47-42D4-9C16-83E2041EFFD8}.Debug|Any CPU.ActiveCfg = Debug|Any CPU
		{DFF4287B-CE47-42D4-9C16-83E2041EFFD8}.Debug|Any CPU.Build.0 = Debug|Any CPU
		{DFF4287B-CE47-42D4-9C16-83E2041EFFD8}.Release|Any CPU.ActiveCfg = Release|Any CPU
		{DFF4287B-CE47-42D4-9C16-83E2041EFFD8}.Release|Any CPU.Build.0 = Release|Any CPU
		{F24D4E3B-C6AC-41B2-BE9F-8E000F50B486}.Debug|Any CPU.ActiveCfg = Debug|Any CPU
		{F24D4E3B-C6AC-41B2-BE9F-8E000F50B486}.Debug|Any CPU.Build.0 = Debug|Any CPU
		{F24D4E3B-C6AC-41B2-BE9F-8E000F50B486}.Release|Any CPU.ActiveCfg = Release|Any CPU
		{F24D4E3B-C6AC-41B2-BE9F-8E000F50B486}.Release|Any CPU.Build.0 = Release|Any CPU
		{6E0C5C88-0D9A-4F1A-A829-C6DBE46491DE}.Debug|Any CPU.ActiveCfg = Debug|Any CPU
		{6E0C5C88-0D9A-4F1A-A829-C6DBE46491DE}.Debug|Any CPU.Build.0 = Debug|Any CPU
		{6E0C5C88-0D9A-4F1A-A829-C6DBE46491DE}.Release|Any CPU.ActiveCfg = Release|Any CPU
		{6E0C5C88-0D9A-4F1A-A829-C6DBE46491DE}.Release|Any CPU.Build.0 = Release|Any CPU
		{02EC2CB5-55EA-4001-951D-5E6427D3C616}.Debug|Any CPU.ActiveCfg = Debug|Any CPU
		{02EC2CB5-55EA-4001-951D-5E6427D3C616}.Debug|Any CPU.Build.0 = Debug|Any CPU
		{02EC2CB5-55EA-4001-951D-5E6427D3C616}.Release|Any CPU.ActiveCfg = Release|Any CPU
		{02EC2CB5-55EA-4001-951D-5E6427D3C616}.Release|Any CPU.Build.0 = Release|Any CPU
		{4B4EB494-E2F4-433F-B40B-7DD372324D15}.Debug|Any CPU.ActiveCfg = Debug|Any CPU
		{4B4EB494-E2F4-433F-B40B-7DD372324D15}.Debug|Any CPU.Build.0 = Debug|Any CPU
		{4B4EB494-E2F4-433F-B40B-7DD372324D15}.Release|Any CPU.ActiveCfg = Release|Any CPU
		{4B4EB494-E2F4-433F-B40B-7DD372324D15}.Release|Any CPU.Build.0 = Release|Any CPU
		{B4021292-74C2-4C83-ABD9-8CCA42B532C4}.Debug|Any CPU.ActiveCfg = Debug|Any CPU
		{B4021292-74C2-4C83-ABD9-8CCA42B532C4}.Debug|Any CPU.Build.0 = Debug|Any CPU
		{B4021292-74C2-4C83-ABD9-8CCA42B532C4}.Release|Any CPU.ActiveCfg = Release|Any CPU
		{B4021292-74C2-4C83-ABD9-8CCA42B532C4}.Release|Any CPU.Build.0 = Release|Any CPU
		{0A2F5C40-0F30-4752-B284-81BB66EFDAAC}.Debug|Any CPU.ActiveCfg = Debug|Any CPU
		{0A2F5C40-0F30-4752-B284-81BB66EFDAAC}.Debug|Any CPU.Build.0 = Debug|Any CPU
		{0A2F5C40-0F30-4752-B284-81BB66EFDAAC}.Release|Any CPU.ActiveCfg = Release|Any CPU
		{0A2F5C40-0F30-4752-B284-81BB66EFDAAC}.Release|Any CPU.Build.0 = Release|Any CPU
		{C5E9F2AD-ACE7-4DA7-BD50-481E6A3AA747}.Debug|Any CPU.ActiveCfg = Debug|Any CPU
		{C5E9F2AD-ACE7-4DA7-BD50-481E6A3AA747}.Debug|Any CPU.Build.0 = Debug|Any CPU
		{C5E9F2AD-ACE7-4DA7-BD50-481E6A3AA747}.Release|Any CPU.ActiveCfg = Release|Any CPU
		{C5E9F2AD-ACE7-4DA7-BD50-481E6A3AA747}.Release|Any CPU.Build.0 = Release|Any CPU
		{FC3E88CC-DFF3-43EC-A436-42D1D321F946}.Debug|Any CPU.ActiveCfg = Debug|Any CPU
		{FC3E88CC-DFF3-43EC-A436-42D1D321F946}.Debug|Any CPU.Build.0 = Debug|Any CPU
		{FC3E88CC-DFF3-43EC-A436-42D1D321F946}.Release|Any CPU.ActiveCfg = Release|Any CPU
		{FC3E88CC-DFF3-43EC-A436-42D1D321F946}.Release|Any CPU.Build.0 = Release|Any CPU
		{63AAF508-2A63-4C79-9F19-44DD32EFCF6F}.Debug|Any CPU.ActiveCfg = Debug|Any CPU
		{63AAF508-2A63-4C79-9F19-44DD32EFCF6F}.Debug|Any CPU.Build.0 = Debug|Any CPU
		{63AAF508-2A63-4C79-9F19-44DD32EFCF6F}.Release|Any CPU.ActiveCfg = Release|Any CPU
		{63AAF508-2A63-4C79-9F19-44DD32EFCF6F}.Release|Any CPU.Build.0 = Release|Any CPU
		{44E9BA87-4C90-43F6-BE71-D329AD57B2EA}.Debug|Any CPU.ActiveCfg = Debug|Any CPU
		{44E9BA87-4C90-43F6-BE71-D329AD57B2EA}.Debug|Any CPU.Build.0 = Debug|Any CPU
		{44E9BA87-4C90-43F6-BE71-D329AD57B2EA}.Release|Any CPU.ActiveCfg = Release|Any CPU
		{44E9BA87-4C90-43F6-BE71-D329AD57B2EA}.Release|Any CPU.Build.0 = Release|Any CPU
		{707407B3-B55D-4066-BD4C-24B2A84123D1}.Debug|Any CPU.ActiveCfg = Debug|Any CPU
		{707407B3-B55D-4066-BD4C-24B2A84123D1}.Debug|Any CPU.Build.0 = Debug|Any CPU
		{707407B3-B55D-4066-BD4C-24B2A84123D1}.Release|Any CPU.ActiveCfg = Release|Any CPU
		{707407B3-B55D-4066-BD4C-24B2A84123D1}.Release|Any CPU.Build.0 = Release|Any CPU
		{63D9F517-E3CE-463B-848A-59F2EDA29154}.Debug|Any CPU.ActiveCfg = Debug|Any CPU
		{63D9F517-E3CE-463B-848A-59F2EDA29154}.Debug|Any CPU.Build.0 = Debug|Any CPU
		{63D9F517-E3CE-463B-848A-59F2EDA29154}.Release|Any CPU.ActiveCfg = Release|Any CPU
		{63D9F517-E3CE-463B-848A-59F2EDA29154}.Release|Any CPU.Build.0 = Release|Any CPU
		{5C08EE2B-68BE-44BA-91F7-5CF8CBC46E90}.Debug|Any CPU.ActiveCfg = Debug|Any CPU
		{5C08EE2B-68BE-44BA-91F7-5CF8CBC46E90}.Debug|Any CPU.Build.0 = Debug|Any CPU
		{5C08EE2B-68BE-44BA-91F7-5CF8CBC46E90}.Release|Any CPU.ActiveCfg = Release|Any CPU
		{5C08EE2B-68BE-44BA-91F7-5CF8CBC46E90}.Release|Any CPU.Build.0 = Release|Any CPU
		{CCEBA087-B6F3-42F0-9782-51D5416662F4}.Debug|Any CPU.ActiveCfg = Debug|Any CPU
		{CCEBA087-B6F3-42F0-9782-51D5416662F4}.Debug|Any CPU.Build.0 = Debug|Any CPU
		{CCEBA087-B6F3-42F0-9782-51D5416662F4}.Release|Any CPU.ActiveCfg = Release|Any CPU
		{CCEBA087-B6F3-42F0-9782-51D5416662F4}.Release|Any CPU.Build.0 = Release|Any CPU
		{D66EA7CB-D523-4E74-8390-910ADBB570C7}.Debug|Any CPU.ActiveCfg = Debug|Any CPU
		{D66EA7CB-D523-4E74-8390-910ADBB570C7}.Debug|Any CPU.Build.0 = Debug|Any CPU
		{D66EA7CB-D523-4E74-8390-910ADBB570C7}.Release|Any CPU.ActiveCfg = Release|Any CPU
		{D66EA7CB-D523-4E74-8390-910ADBB570C7}.Release|Any CPU.Build.0 = Release|Any CPU
	EndGlobalSection
	GlobalSection(SolutionProperties) = preSolution
		HideSolutionNode = FALSE
	EndGlobalSection
	GlobalSection(NestedProjects) = preSolution
		{5D2D09FB-B7DA-6672-3C79-BE5EFA3CD61B} = {02EA681E-C7D8-13C7-8484-4AC65E1B71E8}
		{599BD413-3256-308E-3D9B-7AC7FF67145A} = {02EA681E-C7D8-13C7-8484-4AC65E1B71E8}
		{7ED4B38B-C865-8683-6177-F796275605C4} = {02EA681E-C7D8-13C7-8484-4AC65E1B71E8}
		{2E1903F0-4AAF-4825-B0A8-884CF10C6AB0} = {1AAD0ADA-3008-46D1-B020-BC47F32B48CD}
		{FFEEED5D-ED2C-42A2-BCE0-175D9EC0E7B0} = {2E1903F0-4AAF-4825-B0A8-884CF10C6AB0}
		{DFF4287B-CE47-42D4-9C16-83E2041EFFD8} = {2E1903F0-4AAF-4825-B0A8-884CF10C6AB0}
		{02EC2CB5-55EA-4001-951D-5E6427D3C616} = {8970DE2D-FCB9-44AA-A861-D3E4AF8C5604}
		{4B4EB494-E2F4-433F-B40B-7DD372324D15} = {8970DE2D-FCB9-44AA-A861-D3E4AF8C5604}
		{B4021292-74C2-4C83-ABD9-8CCA42B532C4} = {8970DE2D-FCB9-44AA-A861-D3E4AF8C5604}
		{707407B3-B55D-4066-BD4C-24B2A84123D1} = {08EE8681-475D-49D1-8BE2-BE4D0F52ACBA}
		{F24D4E3B-C6AC-41B2-BE9F-8E000F50B486} = {08EE8681-475D-49D1-8BE2-BE4D0F52ACBA}
		{63D9F517-E3CE-463B-848A-59F2EDA29154} = {02EA681E-C7D8-13C7-8484-4AC65E1B71E8}
		{B6D3B0A0-3B83-4E7E-B27D-4F1FD687EDF6} = {1AAD0ADA-3008-46D1-B020-BC47F32B48CD}
		{5C08EE2B-68BE-44BA-91F7-5CF8CBC46E90} = {B6D3B0A0-3B83-4E7E-B27D-4F1FD687EDF6}
		{CCEBA087-B6F3-42F0-9782-51D5416662F4} = {B6D3B0A0-3B83-4E7E-B27D-4F1FD687EDF6}
		{D66EA7CB-D523-4E74-8390-910ADBB570C7} = {FD2B81AC-80A0-4CCF-AAAB-BD8360087B03}
	EndGlobalSection
	GlobalSection(ExtensibilityGlobals) = postSolution
		SolutionGuid = {83CB65B8-011F-4ED7-BCD3-A6CFA935EF7E}
	EndGlobalSection
EndGlobal
